lockfileVersion: '9.0'

settings:
  autoInstallPeers: true
  excludeLinksFromLockfile: false

importers:

  .:
    dependencies:
      '@deepseek-ai/dsh-subagent':
        specifier: '>=0.1.0-rc.7'
        version: 0.1.0-rc.8(fabae1cccda0241cc14417ab25877f1f)
      '@deepseek-ai/dsh-tools':
        specifier: '>=0.1.0-rc.7'
        version: 0.1.0-rc.8(119bc70f73f8eddebfaa6b47561adeb3)
      chevrotain:
        specifier: ^11.2.0
        version: 11.2.0
      marked:
        specifier: 16.3.0
        version: 16.3.0

packages:

  '@chevrotain/cst-dts-gen@11.2.0':
    resolution: {integrity: sha512-ssJFvn/UXhQQeICw3SR/fZPmYVj+JM2mP+Lx7bZ51cOeHaMWOKp3AUMuyM3QR82aFFXTfcAp67P5GpPjGmbZWQ==}

  '@chevrotain/gast@11.2.0':
    resolution: {integrity: sha512-c+KoD6eSI1xjAZZoNUW+V0l13UEn+a4ShmUrjIKs1BeEWCji0Kwhmqn5FSx1K4BhWL7IQKlV7wLR4r8lLArORQ==}

  '@chevrotain/regexp-to-ast@11.2.0':
    resolution: {integrity: sha512-lG73pBFqbXODTbXhdZwv0oyUaI+3Irm+uOv5/W79lI3g5hasYaJnVJOm3H2NkhA0Ef4XLBU4Scr7TJDJwgFkAw==}

  '@chevrotain/types@11.2.0':
    resolution: {integrity: sha512-vBMSj/lz/LqolbGQEHB0tlpW5BnljHVtp+kzjQfQU+5BtGMTuZCPVgaAjtKvQYXnHb/8i/02Kii00y0tsuwfsw==}

  '@chevrotain/utils@11.2.0':
    resolution: {integrity: sha512-+7whECg4yNWHottjvr2To2BRxL4XJVjIyyv5J4+bJ0iMOVU8j/8n1qPDLZS/90W/BObDR8VNL46lFbzY/Hosmw==}

  '@deepseek-ai/cordis@4.0.1':
    resolution: {integrity: sha512-YBdskTU2Po1kru3GgcUWUbkTsPMA9LkSQDAY8rBkFJeajdgcQad3QPJZE26JyK99Xb6HaASvoXg2DSUTeN/0Nw==}
    hasBin: true
    peerDependencies:
      '@deepseek-ai/cordis-plugin-include': ^1.0.6
      '@deepseek-ai/cordis-plugin-loader': ^1.0.2
    peerDependenciesMeta:
      '@deepseek-ai/cordis-plugin-include':
        optional: true
      '@deepseek-ai/cordis-plugin-loader':
        optional: true

  '@deepseek-ai/cosmokit@1.8.2':
    resolution: {integrity: sha512-muBOKtSrUKU5m/xpq8ZXWL6hQ/jgd4PhU2PqH97bcxIiLEJfNwZOGQEx4t/aS/GgxRAR+ra9pMHPMtTHU4sqqA==}

  '@deepseek-ai/dsh-agent@0.1.1-rc.2':
    resolution: {integrity: sha512-cC7lnJe7JgPFcreNXxcxLMxQd78LnpVO9ZXROjZsGRQN1zGH6i/DduI892F1am85IfzzO+XTxMwwUHmfwamb0g==}
    peerDependencies:
      '@deepseek-ai/cordis': ^4.0.1
      '@deepseek-ai/dsh-invariants': ^0.1.1-rc.2
      '@deepseek-ai/dsh-llm': ^0.1.1-rc.2
      '@deepseek-ai/dsh-scope': ^0.1.1-rc.2
      '@deepseek-ai/dsh-session': ^0.1.1-rc.2
      '@deepseek-ai/dsh-system-prompt': ^0.1.1-rc.2
      '@deepseek-ai/dsh-typert-protocol': ^0.1.1-rc.2

  '@deepseek-ai/dsh-attachment@0.1.1-rc.2':
    resolution: {integrity: sha512-rCYAt8QsawP1yfDCU7XxNwYT/XWvyFsxYrkwhLLkdfW83QVD0CQHizSkTQE7RFX74nKUD1z3sTLfnLr7xneArw==}
    peerDependencies:
      '@deepseek-ai/cordis': ^4.0.1
      '@deepseek-ai/dsh-brand': ^0.1.1-rc.2
      '@deepseek-ai/dsh-invariants': ^0.1.1-rc.2

  '@deepseek-ai/dsh-brand@0.1.1-rc.2':
    resolution: {integrity: sha512-8vXsAXoUdzKAgvd/E9DgyT6HKmR6ZM4rtJ3fs/XoJ6n2kBk4tWil8Lv+jxCMWJeMOnTJF55gu2+NWQ3ECFPtJw==}
    peerDependencies:
      '@deepseek-ai/cordis': ^4.0.1
      '@deepseek-ai/dsh-invariants': ^0.1.1-rc.2

  '@deepseek-ai/dsh-code-runtime@0.1.1-rc.2':
    resolution: {integrity: sha512-SgFresqH5UABzRQZ7tOfqzOLMHF7089VeH+mfcwNQH5peOavgEKrAGOYz/9RnISH0XmMrj/x177t8gfO8Uvo/w==}
    peerDependencies:
      '@deepseek-ai/cordis': ^4.0.1
      '@deepseek-ai/dsh-invariants': ^0.1.1-rc.2

  '@deepseek-ai/dsh-invariants@0.1.1-rc.2':
    resolution: {integrity: sha512-l+1Om/EDFyMjhgSuEx2WDLLA2fia/+ga9mBTCoT/MMslsnWaK5G0/lWwbwlTBSaJ6OfmYc3DuBgox8DbgIGHRQ==}
    peerDependencies:
      '@deepseek-ai/cordis': ^4.0.1

  '@deepseek-ai/dsh-llm@0.1.1-rc.2':
    resolution: {integrity: sha512-ASJfjIdZbIXvLwi3rGo+eZb/GxMVV/WO5/XVD3B96mT8EIzrlw3+nMR6/CvmJVzcycKQ2XN0wj7jD6TasPRySA==}
    peerDependencies:
      '@deepseek-ai/cordis': ^4.0.1
      '@deepseek-ai/dsh-attachment': ^0.1.1-rc.2
      '@deepseek-ai/dsh-brand': ^0.1.1-rc.2
      '@deepseek-ai/dsh-invariants': ^0.1.1-rc.2
      '@deepseek-ai/dsh-timeout': ^0.1.1-rc.2

  '@deepseek-ai/dsh-scope@0.1.1-rc.2':
    resolution: {integrity: sha512-Xy3ejL6dwVSluZL7XOWy76ya4pCw1uHwxodDK4O9XiQUiUV4FBXnt0aNJUtMeAFN0c1YujxxCmRniMvuuNn1Nw==}
    peerDependencies:
      '@deepseek-ai/cordis': ^4.0.1
      '@deepseek-ai/dsh-invariants': ^0.1.1-rc.2

  '@deepseek-ai/dsh-session@0.1.1-rc.2':
    resolution: {integrity: sha512-4/cv6X9HPhm47eyRhCu/WZwzrtJKegk5J+0xaxcZ9i8S0smdxP57tqy8a0jkSshLQn7BzMFxneQrlYExrLrDhQ==}
    peerDependencies:
      '@deepseek-ai/cordis': ^4.0.1
      '@deepseek-ai/dsh-brand': ^0.1.1-rc.2
      '@deepseek-ai/dsh-invariants': ^0.1.1-rc.2
      '@deepseek-ai/dsh-llm': ^0.1.1-rc.2
      '@deepseek-ai/dsh-scope': ^0.1.1-rc.2
      '@deepseek-ai/dsh-typert-protocol': ^0.1.1-rc.2

  '@deepseek-ai/dsh-subagent@0.1.0-rc.8':
    resolution: {integrity: sha512-EI94+hYMfAe8BQkkH/FTcciGxajFfAdQe66Jhy2/eyR3dssRAZ+oJsV6SzU20x3m2yd0gmMaXzO1iV3gwYhY+g==}
    peerDependencies:
      '@deepseek-ai/cordis': ^4.0.1
      '@deepseek-ai/dsh-agent': ^0.1.0-rc.8
      '@deepseek-ai/dsh-agent-presets': ^0.1.0-rc.8
      '@deepseek-ai/dsh-brand': ^0.1.0-rc.8
      '@deepseek-ai/dsh-invariants': ^0.1.0-rc.8
      '@deepseek-ai/dsh-jobs': ^0.1.0-rc.8
      '@deepseek-ai/dsh-llm': ^0.1.0-rc.8
      '@deepseek-ai/dsh-sandbox': ^0.1.0-rc.8
      '@deepseek-ai/dsh-sandbox-policy': ^0.1.0-rc.8
      '@deepseek-ai/dsh-scope': ^0.1.0-rc.8
      '@deepseek-ai/dsh-session': ^0.1.0-rc.8
      '@deepseek-ai/dsh-session-persistence': ^0.1.0-rc.8
      '@deepseek-ai/dsh-session-projection': ^0.1.0-rc.8
      '@deepseek-ai/dsh-session-projection-cache': ^0.1.0-rc.8
      '@deepseek-ai/dsh-tools': ^0.1.0-rc.8
      '@deepseek-ai/dsh-user-approval': ^0.1.0-rc.8
    peerDependenciesMeta:
      '@deepseek-ai/dsh-agent-presets':
        optional: true
      '@deepseek-ai/dsh-jobs':
        optional: true
      '@deepseek-ai/dsh-sandbox':
        optional: true
      '@deepseek-ai/dsh-sandbox-policy':
        optional: true
      '@deepseek-ai/dsh-session-persistence':
        optional: true
      '@deepseek-ai/dsh-session-projection':
        optional: true
      '@deepseek-ai/dsh-session-projection-cache':
        optional: true
      '@deepseek-ai/dsh-user-approval':
        optional: true

  '@deepseek-ai/dsh-system-prompt@0.1.1-rc.2':
    resolution: {integrity: sha512-on4hjAlYI5uX9q7Sf95YkMMBVe6heywtA/H50ksrIMUub8U2B98hO9iQpHhjwIO1F1vu+5pLcPvRr6yUGGmtXQ==}
    peerDependencies:
      '@deepseek-ai/cordis': ^4.0.1
      '@deepseek-ai/dsh-invariants': ^0.1.1-rc.2
      '@deepseek-ai/dsh-llm': ^0.1.1-rc.2
      '@deepseek-ai/dsh-scope': ^0.1.1-rc.2

  '@deepseek-ai/dsh-timeout@0.1.1-rc.2':
    resolution: {integrity: sha512-RrouVgU3G5gXr9zHhpThkMG6YKdcRJzXXdPm1dq3ioBxbvxlfMSfNY4tN8lWMJxLyGtvWkPra0HQX+YWxvdOOA==}
    peerDependencies:
      '@deepseek-ai/cordis': ^4.0.1
      '@deepseek-ai/dsh-invariants': ^0.1.1-rc.2

  '@deepseek-ai/dsh-tools@0.1.0-rc.8':
    resolution: {integrity: sha512-tvuGAVUS4yoPW9zH7CGWJgMlAzGjfu2UlRiricldlcwSKAaJZPZx/K/YfTivUyDTER6aK1DJUnIpVG7RD/DoHQ==}
    peerDependencies:
      '@deepseek-ai/cordis': ^4.0.1
      '@deepseek-ai/dsh-agent': ^0.1.0-rc.8
      '@deepseek-ai/dsh-code-runtime': ^0.1.0-rc.8
      '@deepseek-ai/dsh-invariants': ^0.1.0-rc.8
      '@deepseek-ai/dsh-llm': ^0.1.0-rc.8
      '@deepseek-ai/dsh-scope': ^0.1.0-rc.8
      '@deepseek-ai/dsh-session': ^0.1.0-rc.8
      '@deepseek-ai/dsh-system-prompt': ^0.1.0-rc.8
      '@deepseek-ai/dsh-user-approval': ^0.1.0-rc.8

  '@deepseek-ai/dsh-typert-protocol@0.1.1-rc.2':
    resolution: {integrity: sha512-lxBssDc5Pz1qBE5kuIyaArA7AvIPq9rpaVclylodiSzVJe95e2xruBg73tflyjtd8y00toet+DLgQ6tSSsq6Kw==}
    peerDependencies:
      '@deepseek-ai/cordis': ^4.0.1
      '@deepseek-ai/dsh-invariants': ^0.1.1-rc.2

  '@deepseek-ai/dsh-user-approval@0.1.1-rc.2':
    resolution: {integrity: sha512-SdsO4Rs+NeJFoertkVilXBACREOLfkKPJJznYKqDhJxeRo38RJ56dtj0Xd0/6rERmsQiMck4Bwdrzg1ubUqPNA==}
    peerDependencies:
      '@deepseek-ai/cordis': ^4.0.1
      '@deepseek-ai/dsh-agent': ^0.1.1-rc.2
      '@deepseek-ai/dsh-brand': ^0.1.1-rc.2
      '@deepseek-ai/dsh-invariants': ^0.1.1-rc.2
      '@deepseek-ai/dsh-llm': ^0.1.1-rc.2
      '@deepseek-ai/dsh-scope': ^0.1.1-rc.2
      '@deepseek-ai/dsh-session': ^0.1.1-rc.2
      '@deepseek-ai/dsh-system-prompt': ^0.1.1-rc.2

  '@deepseek-ai/schemastery@3.18.1':
    resolution: {integrity: sha512-Qn0FCSwCQnpnj6SB31I6i2sIKgKWnkbJM8O0EU91Gv2UsYVvtZTl6IA0sCwk2e2MZf5S8w5hpq9QkeVvK9qwxg==}

  '@standard-schema/spec@1.1.0':
    resolution: {integrity: sha512-l2aFy5jALhniG5HgqrD6jXLi/rUWrKvqN/qJx6yoJsgKhblVd+iqqU4RCXavm/jPityDo5TCvKMnpjKnOriy0w==}

  chevrotain@11.2.0:
    resolution: {integrity: sha512-mHCHTxM51nCklUw9RzRVc0DLjAh/SAUPM4k/zMInlTIo25ldWXOZoPt7XEIk/LwoT4lFVmJcu9g5MHtx371x3A==}

  lodash-es@4.17.23:
    resolution: {integrity: sha512-kVI48u3PZr38HdYz98UmfPnXl2DXrpdctLrFLCd3kOx1xUkOmpFPx7gCWWM5MPkL/fD8zb+Ph0QzjGFs4+hHWg==}

  marked@16.3.0:
    resolution: {integrity: sha512-K3UxuKu6l6bmA5FUwYho8CfJBlsUWAooKtdGgMcERSpF7gcBUrCGsLH7wDaaNOzwq18JzSUDyoEb/YsrqMac3w==}
    engines: {node: '>= 20'}
    hasBin: true

  zod@4.4.3:
    resolution: {integrity: sha512-ytENFjIJFl2UwYglde2jchW2Hwm4GJFLDiSXWdTrJQBIN9Fcyp7n4DhxJEiWNAJMV1/BqWfW/kkg71UDcHJyTQ==}

snapshots:

  '@chevrotain/cst-dts-gen@11.2.0':
    dependencies:
      '@chevrotain/gast': 11.2.0
      '@chevrotain/types': 11.2.0
      lodash-es: 4.17.23

  '@chevrotain/gast@11.2.0':
    dependencies:
      '@chevrotain/types': 11.2.0
      lodash-es: 4.17.23

  '@chevrotain/regexp-to-ast@11.2.0': {}

  '@chevrotain/types@11.2.0': {}

  '@chevrotain/utils@11.2.0': {}

  '@deepseek-ai/cordis@4.0.1':
    dependencies:
      '@deepseek-ai/cosmokit': 1.8.2
      '@standard-schema/spec': 1.1.0

  '@deepseek-ai/cosmokit@1.8.2': {}

  '@deepseek-ai/dsh-agent@0.1.1-rc.2(c1537a8836b04097f168b024f1e38d85)':
    dependencies:
      '@deepseek-ai/cordis': 4.0.1
      '@deepseek-ai/dsh-invariants': 0.1.1-rc.2(@deepseek-ai/cordis@4.0.1)
      '@deepseek-ai/dsh-llm': 0.1.1-rc.2(@deepseek-ai/cordis@4.0.1)(@deepseek-ai/dsh-attachment@0.1.1-rc.2(@deepseek-ai/cordis@4.0.1)(@deepseek-ai/dsh-brand@0.1.1-rc.2(@deepseek-ai/cordis@4.0.1)(@deepseek-ai/dsh-invariants@0.1.1-rc.2(@deepseek-ai/cordis@4.0.1)))(@deepseek-ai/dsh-invariants@0.1.1-rc.2(@deepseek-ai/cordis@4.0.1)))(@deepseek-ai/dsh-brand@0.1.1-rc.2(@deepseek-ai/cordis@4.0.1)(@deepseek-ai/dsh-invariants@0.1.1-rc.2(@deepseek-ai/cordis@4.0.1)))(@deepseek-ai/dsh-invariants@0.1.1-rc.2(@deepseek-ai/cordis@4.0.1))(@deepseek-ai/dsh-timeout@0.1.1-rc.2(@deepseek-ai/cordis@4.0.1)(@deepseek-ai/dsh-invariants@0.1.1-rc.2(@deepseek-ai/cordis@4.0.1)))
      '@deepseek-ai/dsh-scope': 0.1.1-rc.2(@deepseek-ai/cordis@4.0.1)(@deepseek-ai/dsh-invariants@0.1.1-rc.2(@deepseek-ai/cordis@4.0.1))
      '@deepseek-ai/dsh-session': 0.1.1-rc.2(a4e4bb24a1f3580ac25e11cfa3c6b8cc)
      '@deepseek-ai/dsh-system-prompt': 0.1.1-rc.2(@deepseek-ai/cordis@4.0.1)(@deepseek-ai/dsh-invariants@0.1.1-rc.2(@deepseek-ai/cordis@4.0.1))(@deepseek-ai/dsh-llm@0.1.1-rc.2(@deepseek-ai/cordis@4.0.1)(@deepseek-ai/dsh-attachment@0.1.1-rc.2(@deepseek-ai/cordis@4.0.1)(@deepseek-ai/dsh-brand@0.1.1-rc.2(@deepseek-ai/cordis@4.0.1)(@deepseek-ai/dsh-invariants@0.1.1-rc.2(@deepseek-ai/cordis@4.0.1)))(@deepseek-ai/dsh-invariants@0.1.1-rc.2(@deepseek-ai/cordis@4.0.1)))(@deepseek-ai/dsh-brand@0.1.1-rc.2(@deepseek-ai/cordis@4.0.1)(@deepseek-ai/dsh-invariants@0.1.1-rc.2(@deepseek-ai/cordis@4.0.1)))(@deepseek-ai/dsh-invariants@0.1.1-rc.2(@deepseek-ai/cordis@4.0.1))(@deepseek-ai/dsh-timeout@0.1.1-rc.2(@deepseek-ai/cordis@4.0.1)(@deepseek-ai/dsh-invariants@0.1.1-rc.2(@deepseek-ai/cordis@4.0.1))))(@deepseek-ai/dsh-scope@0.1.1-rc.2(@deepseek-ai/cordis@4.0.1)(@deepseek-ai/dsh-invariants@0.1.1-rc.2(@deepseek-ai/cordis@4.0.1)))
      '@deepseek-ai/dsh-typert-protocol': 0.1.1-rc.2(@deepseek-ai/cordis@4.0.1)(@deepseek-ai/dsh-invariants@0.1.1-rc.2(@deepseek-ai/cordis@4.0.1))

  '@deepseek-ai/dsh-attachment@0.1.1-rc.2(@deepseek-ai/cordis@4.0.1)(@deepseek-ai/dsh-brand@0.1.1-rc.2(@deepseek-ai/cordis@4.0.1)(@deepseek-ai/dsh-invariants@0.1.1-rc.2(@deepseek-ai/cordis@4.0.1)))(@deepseek-ai/dsh-invariants@0.1.1-rc.2(@deepseek-ai/cordis@4.0.1))':
    dependencies:
      '@deepseek-ai/cordis': 4.0.1
      '@deepseek-ai/dsh-brand': 0.1.1-rc.2(@deepseek-ai/cordis@4.0.1)(@deepseek-ai/dsh-invariants@0.1.1-rc.2(@deepseek-ai/cordis@4.0.1))
      '@deepseek-ai/dsh-invariants': 0.1.1-rc.2(@deepseek-ai/cordis@4.0.1)

  '@deepseek-ai/dsh-brand@0.1.1-rc.2(@deepseek-ai/cordis@4.0.1)(@deepseek-ai/dsh-invariants@0.1.1-rc.2(@deepseek-ai/cordis@4.0.1))':
    dependencies:
      '@deepseek-ai/cordis': 4.0.1
      '@deepseek-ai/dsh-invariants': 0.1.1-rc.2(@deepseek-ai/cordis@4.0.1)

  '@deepseek-ai/dsh-code-runtime@0.1.1-rc.2(@deepseek-ai/cordis@4.0.1)(@deepseek-ai/dsh-invariants@0.1.1-rc.2(@deepseek-ai/cordis@4.0.1))':
    dependencies:
      '@deepseek-ai/cordis': 4.0.1
      '@deepseek-ai/dsh-invariants': 0.1.1-rc.2(@deepseek-ai/cordis@4.0.1)

  '@deepseek-ai/dsh-invariants@0.1.1-rc.2(@deepseek-ai/cordis@4.0.1)':
    dependencies:
      '@deepseek-ai/cordis': 4.0.1
      '@deepseek-ai/schemastery': 3.18.1

  '@deepseek-ai/dsh-llm@0.1.1-rc.2(@deepseek-ai/cordis@4.0.1)(@deepseek-ai/dsh-attachment@0.1.1-rc.2(@deepseek-ai/cordis@4.0.1)(@deepseek-ai/dsh-brand@0.1.1-rc.2(@deepseek-ai/cordis@4.0.1)(@deepseek-ai/dsh-invariants@0.1.1-rc.2(@deepseek-ai/cordis@4.0.1)))(@deepseek-ai/dsh-invariants@0.1.1-rc.2(@deepseek-ai/cordis@4.0.1)))(@deepseek-ai/dsh-brand@0.1.1-rc.2(@deepseek-ai/cordis@4.0.1)(@deepseek-ai/dsh-invariants@0.1.1-rc.2(@deepseek-ai/cordis@4.0.1)))(@deepseek-ai/dsh-invariants@0.1.1-rc.2(@deepseek-ai/cordis@4.0.1))(@deepseek-ai/dsh-timeout@0.1.1-rc.2(@deepseek-ai/cordis@4.0.1)(@deepseek-ai/dsh-invariants@0.1.1-rc.2(@deepseek-ai/cordis@4.0.1)))':
    dependencies:
      '@deepseek-ai/cordis': 4.0.1
      '@deepseek-ai/dsh-attachment': 0.1.1-rc.2(@deepseek-ai/cordis@4.0.1)(@deepseek-ai/dsh-brand@0.1.1-rc.2(@deepseek-ai/cordis@4.0.1)(@deepseek-ai/dsh-invariants@0.1.1-rc.2(@deepseek-ai/cordis@4.0.1)))(@deepseek-ai/dsh-invariants@0.1.1-rc.2(@deepseek-ai/cordis@4.0.1))
      '@deepseek-ai/dsh-brand': 0.1.1-rc.2(@deepseek-ai/cordis@4.0.1)(@deepseek-ai/dsh-invariants@0.1.1-rc.2(@deepseek-ai/cordis@4.0.1))
      '@deepseek-ai/dsh-invariants': 0.1.1-rc.2(@deepseek-ai/cordis@4.0.1)
      '@deepseek-ai/dsh-timeout': 0.1.1-rc.2(@deepseek-ai/cordis@4.0.1)(@deepseek-ai/dsh-invariants@0.1.1-rc.2(@deepseek-ai/cordis@4.0.1))
      '@deepseek-ai/schemastery': 3.18.1

  '@deepseek-ai/dsh-scope@0.1.1-rc.2(@deepseek-ai/cordis@4.0.1)(@deepseek-ai/dsh-invariants@0.1.1-rc.2(@deepseek-ai/cordis@4.0.1))':
    dependencies:
      '@deepseek-ai/cordis': 4.0.1
      '@deepseek-ai/dsh-invariants': 0.1.1-rc.2(@deepseek-ai/cordis@4.0.1)

  '@deepseek-ai/dsh-session@0.1.1-rc.2(a4e4bb24a1f3580ac25e11cfa3c6b8cc)':
    dependencies:
      '@deepseek-ai/cordis': 4.0.1
      '@deepseek-ai/dsh-brand': 0.1.1-rc.2(@deepseek-ai/cordis@4.0.1)(@deepseek-ai/dsh-invariants@0.1.1-rc.2(@deepseek-ai/cordis@4.0.1))
      '@deepseek-ai/dsh-invariants': 0.1.1-rc.2(@deepseek-ai/cordis@4.0.1)
      '@deepseek-ai/dsh-llm': 0.1.1-rc.2(@deepseek-ai/cordis@4.0.1)(@deepseek-ai/dsh-attachment@0.1.1-rc.2(@deepseek-ai/cordis@4.0.1)(@deepseek-ai/dsh-brand@0.1.1-rc.2(@deepseek-ai/cordis@4.0.1)(@deepseek-ai/dsh-invariants@0.1.1-rc.2(@deepseek-ai/cordis@4.0.1)))(@deepseek-ai/dsh-invariants@0.1.1-rc.2(@deepseek-ai/cordis@4.0.1)))(@deepseek-ai/dsh-brand@0.1.1-rc.2(@deepseek-ai/cordis@4.0.1)(@deepseek-ai/dsh-invariants@0.1.1-rc.2(@deepseek-ai/cordis@4.0.1)))(@deepseek-ai/dsh-invariants@0.1.1-rc.2(@deepseek-ai/cordis@4.0.1))(@deepseek-ai/dsh-timeout@0.1.1-rc.2(@deepseek-ai/cordis@4.0.1)(@deepseek-ai/dsh-invariants@0.1.1-rc.2(@deepseek-ai/cordis@4.0.1)))
      '@deepseek-ai/dsh-scope': 0.1.1-rc.2(@deepseek-ai/cordis@4.0.1)(@deepseek-ai/dsh-invariants@0.1.1-rc.2(@deepseek-ai/cordis@4.0.1))
      '@deepseek-ai/dsh-typert-protocol': 0.1.1-rc.2(@deepseek-ai/cordis@4.0.1)(@deepseek-ai/dsh-invariants@0.1.1-rc.2(@deepseek-ai/cordis@4.0.1))

  '@deepseek-ai/dsh-subagent@0.1.0-rc.8(fabae1cccda0241cc14417ab25877f1f)':
    dependencies:
      '@deepseek-ai/cordis': 4.0.1
      '@deepseek-ai/dsh-agent': 0.1.1-rc.2(c1537a8836b04097f168b024f1e38d85)
      '@deepseek-ai/dsh-brand': 0.1.1-rc.2(@deepseek-ai/cordis@4.0.1)(@deepseek-ai/dsh-invariants@0.1.1-rc.2(@deepseek-ai/cordis@4.0.1))
      '@deepseek-ai/dsh-invariants': 0.1.1-rc.2(@deepseek-ai/cordis@4.0.1)
      '@deepseek-ai/dsh-llm': 0.1.1-rc.2(@deepseek-ai/cordis@4.0.1)(@deepseek-ai/dsh-attachment@0.1.1-rc.2(@deepseek-ai/cordis@4.0.1)(@deepseek-ai/dsh-brand@0.1.1-rc.2(@deepseek-ai/cordis@4.0.1)(@deepseek-ai/dsh-invariants@0.1.1-rc.2(@deepseek-ai/cordis@4.0.1)))(@deepseek-ai/dsh-invariants@0.1.1-rc.2(@deepseek-ai/cordis@4.0.1)))(@deepseek-ai/dsh-brand@0.1.1-rc.2(@deepseek-ai/cordis@4.0.1)(@deepseek-ai/dsh-invariants@0.1.1-rc.2(@deepseek-ai/cordis@4.0.1)))(@deepseek-ai/dsh-invariants@0.1.1-rc.2(@deepseek-ai/cordis@4.0.1))(@deepseek-ai/dsh-timeout@0.1.1-rc.2(@deepseek-ai/cordis@4.0.1)(@deepseek-ai/dsh-invariants@0.1.1-rc.2(@deepseek-ai/cordis@4.0.1)))
      '@deepseek-ai/dsh-scope': 0.1.1-rc.2(@deepseek-ai/cordis@4.0.1)(@deepseek-ai/dsh-invariants@0.1.1-rc.2(@deepseek-ai/cordis@4.0.1))
      '@deepseek-ai/dsh-session': 0.1.1-rc.2(a4e4bb24a1f3580ac25e11cfa3c6b8cc)
      '@deepseek-ai/dsh-tools': 0.1.0-rc.8(119bc70f73f8eddebfaa6b47561adeb3)
      zod: 4.4.3
    optionalDependencies:
      '@deepseek-ai/dsh-user-approval': 0.1.1-rc.2(09871eaf880be2109e9d668352ef8c05)

  '@deepseek-ai/dsh-system-prompt@0.1.1-rc.2(@deepseek-ai/cordis@4.0.1)(@deepseek-ai/dsh-invariants@0.1.1-rc.2(@deepseek-ai/cordis@4.0.1))(@deepseek-ai/dsh-llm@0.1.1-rc.2(@deepseek-ai/cordis@4.0.1)(@deepseek-ai/dsh-attachment@0.1.1-rc.2(@deepseek-ai/cordis@4.0.1)(@deepseek-ai/dsh-brand@0.1.1-rc.2(@deepseek-ai/cordis@4.0.1)(@deepseek-ai/dsh-invariants@0.1.1-rc.2(@deepseek-ai/cordis@4.0.1)))(@deepseek-ai/dsh-invariants@0.1.1-rc.2(@deepseek-ai/cordis@4.0.1)))(@deepseek-ai/dsh-brand@0.1.1-rc.2(@deepseek-ai/cordis@4.0.1)(@deepseek-ai/dsh-invariants@0.1.1-rc.2(@deepseek-ai/cordis@4.0.1)))(@deepseek-ai/dsh-invariants@0.1.1-rc.2(@deepseek-ai/cordis@4.0.1))(@deepseek-ai/dsh-timeout@0.1.1-rc.2(@deepseek-ai/cordis@4.0.1)(@deepseek-ai/dsh-invariants@0.1.1-rc.2(@deepseek-ai/cordis@4.0.1))))(@deepseek-ai/dsh-scope@0.1.1-rc.2(@deepseek-ai/cordis@4.0.1)(@deepseek-ai/dsh-invariants@0.1.1-rc.2(@deepseek-ai/cordis@4.0.1)))':
    dependencies:
      '@deepseek-ai/cordis': 4.0.1
      '@deepseek-ai/dsh-invariants': 0.1.1-rc.2(@deepseek-ai/cordis@4.0.1)
      '@deepseek-ai/dsh-llm': 0.1.1-rc.2(@deepseek-ai/cordis@4.0.1)(@deepseek-ai/dsh-attachment@0.1.1-rc.2(@deepseek-ai/cordis@4.0.1)(@deepseek-ai/dsh-brand@0.1.1-rc.2(@deepseek-ai/cordis@4.0.1)(@deepseek-ai/dsh-invariants@0.1.1-rc.2(@deepseek-ai/cordis@4.0.1)))(@deepseek-ai/dsh-invariants@0.1.1-rc.2(@deepseek-ai/cordis@4.0.1)))(@deepseek-ai/dsh-brand@0.1.1-rc.2(@deepseek-ai/cordis@4.0.1)(@deepseek-ai/dsh-invariants@0.1.1-rc.2(@deepseek-ai/cordis@4.0.1)))(@deepseek-ai/dsh-invariants@0.1.1-rc.2(@deepseek-ai/cordis@4.0.1))(@deepseek-ai/dsh-timeout@0.1.1-rc.2(@deepseek-ai/cordis@4.0.1)(@deepseek-ai/dsh-invariants@0.1.1-rc.2(@deepseek-ai/cordis@4.0.1)))
      '@deepseek-ai/dsh-scope': 0.1.1-rc.2(@deepseek-ai/cordis@4.0.1)(@deepseek-ai/dsh-invariants@0.1.1-rc.2(@deepseek-ai/cordis@4.0.1))
      '@deepseek-ai/schemastery': 3.18.1

  '@deepseek-ai/dsh-timeout@0.1.1-rc.2(@deepseek-ai/cordis@4.0.1)(@deepseek-ai/dsh-invariants@0.1.1-rc.2(@deepseek-ai/cordis@4.0.1))':
    dependencies:
      '@deepseek-ai/cordis': 4.0.1
      '@deepseek-ai/dsh-invariants': 0.1.1-rc.2(@deepseek-ai/cordis@4.0.1)

  '@deepseek-ai/dsh-tools@0.1.0-rc.8(119bc70f73f8eddebfaa6b47561adeb3)':
    dependencies:
      '@deepseek-ai/cordis': 4.0.1
      '@deepseek-ai/dsh-agent': 0.1.1-rc.2(c1537a8836b04097f168b024f1e38d85)
      '@deepseek-ai/dsh-code-runtime': 0.1.1-rc.2(@deepseek-ai/cordis@4.0.1)(@deepseek-ai/dsh-invariants@0.1.1-rc.2(@deepseek-ai/cordis@4.0.1))
      '@deepseek-ai/dsh-invariants': 0.1.1-rc.2(@deepseek-ai/cordis@4.0.1)
      '@deepseek-ai/dsh-llm': 0.1.1-rc.2(@deepseek-ai/cordis@4.0.1)(@deepseek-ai/dsh-attachment@0.1.1-rc.2(@deepseek-ai/cordis@4.0.1)(@deepseek-ai/dsh-brand@0.1.1-rc.2(@deepseek-ai/cordis@4.0.1)(@deepseek-ai/dsh-invariants@0.1.1-rc.2(@deepseek-ai/cordis@4.0.1)))(@deepseek-ai/dsh-invariants@0.1.1-rc.2(@deepseek-ai/cordis@4.0.1)))(@deepseek-ai/dsh-brand@0.1.1-rc.2(@deepseek-ai/cordis@4.0.1)(@deepseek-ai/dsh-invariants@0.1.1-rc.2(@deepseek-ai/cordis@4.0.1)))(@deepseek-ai/dsh-invariants@0.1.1-rc.2(@deepseek-ai/cordis@4.0.1))(@deepseek-ai/dsh-timeout@0.1.1-rc.2(@deepseek-ai/cordis@4.0.1)(@deepseek-ai/dsh-invariants@0.1.1-rc.2(@deepseek-ai/cordis@4.0.1)))
      '@deepseek-ai/dsh-scope': 0.1.1-rc.2(@deepseek-ai/cordis@4.0.1)(@deepseek-ai/dsh-invariants@0.1.1-rc.2(@deepseek-ai/cordis@4.0.1))
      '@deepseek-ai/dsh-session': 0.1.1-rc.2(a4e4bb24a1f3580ac25e11cfa3c6b8cc)
      '@deepseek-ai/dsh-system-prompt': 0.1.1-rc.2(@deepseek-ai/cordis@4.0.1)(@deepseek-ai/dsh-invariants@0.1.1-rc.2(@deepseek-ai/cordis@4.0.1))(@deepseek-ai/dsh-llm@0.1.1-rc.2(@deepseek-ai/cordis@4.0.1)(@deepseek-ai/dsh-attachment@0.1.1-rc.2(@deepseek-ai/cordis@4.0.1)(@deepseek-ai/dsh-brand@0.1.1-rc.2(@deepseek-ai/cordis@4.0.1)(@deepseek-ai/dsh-invariants@0.1.1-rc.2(@deepseek-ai/cordis@4.0.1)))(@deepseek-ai/dsh-invariants@0.1.1-rc.2(@deepseek-ai/cordis@4.0.1)))(@deepseek-ai/dsh-brand@0.1.1-rc.2(@deepseek-ai/cordis@4.0.1)(@deepseek-ai/dsh-invariants@0.1.1-rc.2(@deepseek-ai/cordis@4.0.1)))(@deepseek-ai/dsh-invariants@0.1.1-rc.2(@deepseek-ai/cordis@4.0.1))(@deepseek-ai/dsh-timeout@0.1.1-rc.2(@deepseek-ai/cordis@4.0.1)(@deepseek-ai/dsh-invariants@0.1.1-rc.2(@deepseek-ai/cordis@4.0.1))))(@deepseek-ai/dsh-scope@0.1.1-rc.2(@deepseek-ai/cordis@4.0.1)(@deepseek-ai/dsh-invariants@0.1.1-rc.2(@deepseek-ai/cordis@4.0.1)))
      '@deepseek-ai/dsh-user-approval': 0.1.1-rc.2(09871eaf880be2109e9d668352ef8c05)
      '@deepseek-ai/schemastery': 3.18.1

  '@deepseek-ai/dsh-typert-protocol@0.1.1-rc.2(@deepseek-ai/cordis@4.0.1)(@deepseek-ai/dsh-invariants@0.1.1-rc.2(@deepseek-ai/cordis@4.0.1))':
    dependencies:
      '@deepseek-ai/cordis': 4.0.1
      '@deepseek-ai/dsh-invariants': 0.1.1-rc.2(@deepseek-ai/cordis@4.0.1)

  '@deepseek-ai/dsh-user-approval@0.1.1-rc.2(09871eaf880be2109e9d668352ef8c05)':
    dependencies:
      '@deepseek-ai/cordis': 4.0.1
      '@deepseek-ai/dsh-agent': 0.1.1-rc.2(c1537a8836b04097f168b024f1e38d85)
      '@deepseek-ai/dsh-brand': 0.1.1-rc.2(@deepseek-ai/cordis@4.0.1)(@deepseek-ai/dsh-invariants@0.1.1-rc.2(@deepseek-ai/cordis@4.0.1))
      '@deepseek-ai/dsh-invariants': 0.1.1-rc.2(@deepseek-ai/cordis@4.0.1)
      '@deepseek-ai/dsh-llm': 0.1.1-rc.2(@deepseek-ai/cordis@4.0.1)(@deepseek-ai/dsh-attachment@0.1.1-rc.2(@deepseek-ai/cordis@4.0.1)(@deepseek-ai/dsh-brand@0.1.1-rc.2(@deepseek-ai/cordis@4.0.1)(@deepseek-ai/dsh-invariants@0.1.1-rc.2(@deepseek-ai/cordis@4.0.1)))(@deepseek-ai/dsh-invariants@0.1.1-rc.2(@deepseek-ai/cordis@4.0.1)))(@deepseek-ai/dsh-brand@0.1.1-rc.2(@deepseek-ai/cordis@4.0.1)(@deepseek-ai/dsh-invariants@0.1.1-rc.2(@deepseek-ai/cordis@4.0.1)))(@deepseek-ai/dsh-invariants@0.1.1-rc.2(@deepseek-ai/cordis@4.0.1))(@deepseek-ai/dsh-timeout@0.1.1-rc.2(@deepseek-ai/cordis@4.0.1)(@deepseek-ai/dsh-invariants@0.1.1-rc.2(@deepseek-ai/cordis@4.0.1)))
      '@deepseek-ai/dsh-scope': 0.1.1-rc.2(@deepseek-ai/cordis@4.0.1)(@deepseek-ai/dsh-invariants@0.1.1-rc.2(@deepseek-ai/cordis@4.0.1))
      '@deepseek-ai/dsh-session': 0.1.1-rc.2(a4e4bb24a1f3580ac25e11cfa3c6b8cc)
      '@deepseek-ai/dsh-system-prompt': 0.1.1-rc.2(@deepseek-ai/cordis@4.0.1)(@deepseek-ai/dsh-invariants@0.1.1-rc.2(@deepseek-ai/cordis@4.0.1))(@deepseek-ai/dsh-llm@0.1.1-rc.2(@deepseek-ai/cordis@4.0.1)(@deepseek-ai/dsh-attachment@0.1.1-rc.2(@deepseek-ai/cordis@4.0.1)(@deepseek-ai/dsh-brand@0.1.1-rc.2(@deepseek-ai/cordis@4.0.1)(@deepseek-ai/dsh-invariants@0.1.1-rc.2(@deepseek-ai/cordis@4.0.1)))(@deepseek-ai/dsh-invariants@0.1.1-rc.2(@deepseek-ai/cordis@4.0.1)))(@deepseek-ai/dsh-brand@0.1.1-rc.2(@deepseek-ai/cordis@4.0.1)(@deepseek-ai/dsh-invariants@0.1.1-rc.2(@deepseek-ai/cordis@4.0.1)))(@deepseek-ai/dsh-invariants@0.1.1-rc.2(@deepseek-ai/cordis@4.0.1))(@deepseek-ai/dsh-timeout@0.1.1-rc.2(@deepseek-ai/cordis@4.0.1)(@deepseek-ai/dsh-invariants@0.1.1-rc.2(@deepseek-ai/cordis@4.0.1))))(@deepseek-ai/dsh-scope@0.1.1-rc.2(@deepseek-ai/cordis@4.0.1)(@deepseek-ai/dsh-invariants@0.1.1-rc.2(@deepseek-ai/cordis@4.0.1)))
      '@deepseek-ai/schemastery': 3.18.1

  '@deepseek-ai/schemastery@3.18.1':
    dependencies:
      '@deepseek-ai/cosmokit': 1.8.2
      '@standard-schema/spec': 1.1.0

  '@standard-schema/spec@1.1.0': {}

  chevrotain@11.2.0:
    dependencies:
      '@chevrotain/cst-dts-gen': 11.2.0
      '@chevrotain/gast': 11.2.0
      '@chevrotain/regexp-to-ast': 11.2.0
      '@chevrotain/types': 11.2.0
      '@chevrotain/utils': 11.2.0
      lodash-es: 4.17.23

  lodash-es@4.17.23: {}

  marked@16.3.0: {}

  zod@4.4.3: {}
